
Microsoft Visual Studio Solution File, Format Version 12.00
# Visual Studio Version 17
VisualStudioVersion = 17.2.32602.215
MinimumVisualStudioVersion = 10.0.40219.1
Project("{FAE04EC0-301F-11D3-BF4B-00C04F79EFBC}") = "FIT5032_MyFirstWebApplication", "FIT5032_MyFirstWebApplication\FIT5032_MyFirstWebApplication.csproj", "{CA361405-99B6-4FC1-A75A-17D3CC539530}"
EndProject
Project("{FAE04EC0-301F-11D3-BF4B-00C04F79EFBC}") = "FIT5032_MyFirstWebApplication.Tests", "FIT5032_MyFirstWebApplication.Tests\FIT5032_MyFirstWebApplication.Tests.csproj", "{3D37641A-8530-41F4-8162-1F22511726DE}"
EndProject
Project("{FAE04EC0-301F-11D3-BF4B-00C04F79EFBC}") = "FIT5032_MyCSS", "FIT5032_MyCSS\FIT5032_MyCSS.csproj", "{506D7CC3-D1F6-4A39-BD2A-8968BD381E90}"
EndProject
Project("{FAE04EC0-301F-11D3-BF4B-00C04F79EFBC}") = "FIT5032_MyCSS.Tests", "FIT5032_MyCSS.Tests\FIT5032_MyCSS.Tests.csproj", "{3340DE11-86D7-4F76-B265-419619DDA2B2}"
EndProject
Project("{FAE04EC0-301F-11D3-BF4B-00C04F79EFBC}") = "FIT5032_MyDatabaseFirst", "FIT5032_MyDatabaseFirst\FIT5032_MyDatabaseFirst.csproj", "{81A5FF32-7976-4038-94F9-E64030132869}"
EndProject
Project("{FAE04EC0-301F-11D3-BF4B-00C04F79EFBC}") = "FIT5032_MyDatabaseFirst.Tests", "FIT5032_MyDatabaseFirst.Tests\FIT5032_MyDatabaseFirst.Tests.csproj", "{B0943487-C2B7-4D8B-B4A8-D985712D3E65}"
EndProject
Project("{FAE04EC0-301F-11D3-BF4B-00C04F79EFBC}") = "FIT5032_MyCodeSnippet", "FIT5032_MyCodeSnippet\FIT5032_MyCodeSnippet.csproj", "{C5AA244F-5175-42A5-9C3F-ED7279606DF2}"
EndProject
Project("{FAE04EC0-301F-11D3-BF4B-00C04F79EFBC}") = "FIT5032_MyCodeSnippet.Tests", "FIT5032_MyCodeSnippet.Tests\FIT5032_MyCodeSnippet.Tests.csproj", "{77973829-7D1D-43C6-881F-0174F3B661C3}"
EndProject
Project("{FAE04EC0-301F-11D3-BF4B-00C04F79EFBC}") = "FIT5032_MyModelFirst", "FIT5032_MyModelFirst\FIT5032_MyModelFirst.csproj", "{CBF732CC-7674-427E-9E46-4D45AAE8277F}"
EndProject
Project("{FAE04EC0-301F-11D3-BF4B-00C04F79EFBC}") = "FIT5032_MyJS", "FIT5032_MyJS\FIT5032_MyJS.csproj", "{E2C7AFA9-448A-4696-AA92-F79D62EF555C}"
EndProject
Global
	GlobalSection(SolutionConfigurationPlatforms) = preSolution
		Debug|Any CPU = Debug|Any CPU
		Release|Any CPU = Release|Any CPU
	EndGlobalSection
	GlobalSection(ProjectConfigurationPlatforms) = postSolution
		{CA361405-99B6-4FC1-A75A-17D3CC539530}.Debug|Any CPU.ActiveCfg = Debug|Any CPU
		{CA361405-99B6-4FC1-A75A-17D3CC539530}.Debug|Any CPU.Build.0 = Debug|Any CPU
		{CA361405-99B6-4FC1-A75A-17D3CC539530}.Release|Any CPU.ActiveCfg = Release|Any CPU
		{CA361405-99B6-4FC1-A75A-17D3CC539530}.Release|Any CPU.Build.0 = Release|Any CPU
		{3D37641A-8530-41F4-8162-1F22511726DE}.Debug|Any CPU.ActiveCfg = Debug|Any CPU
		{3D37641A-8530-41F4-8162-1F22511726DE}.Debug|Any CPU.Build.0 = Debug|Any CPU
		{3D37641A-8530-41F4-8162-1F22511726DE}.Release|Any CPU.ActiveCfg = Release|Any CPU
		{3D37641A-8530-41F4-8162-1F22511726DE}.Release|Any CPU.Build.0 = Release|Any CPU
		{506D7CC3-D1F6-4A39-BD2A-8968BD381E90}.Debug|Any CPU.ActiveCfg = Debug|Any CPU
		{506D7CC3-D1F6-4A39-BD2A-8968BD381E90}.Debug|Any CPU.Build.0 = Debug|Any CPU
		{506D7CC3-D1F6-4A39-BD2A-8968BD381E90}.Release|Any CPU.ActiveCfg = Release|Any CPU
		{506D7CC3-D1F6-4A39-BD2A-8968BD381E90}.Release|Any CPU.Build.0 = Release|Any CPU
		{3340DE11-86D7-4F76-B265-419619DDA2B2}.Debug|Any CPU.ActiveCfg = Debug|Any CPU
		{3340DE11-86D7-4F76-B265-419619DDA2B2}.Debug|Any CPU.Build.0 = Debug|Any CPU
		{3340DE11-86D7-4F76-B265-419619DDA2B2}.Release|Any CPU.ActiveCfg = Release|Any CPU
		{3340DE11-86D7-4F76-B265-419619DDA2B2}.Release|Any CPU.Build.0 = Release|Any CPU
		{81A5FF32-7976-4038-94F9-E64030132869}.Debug|Any CPU.ActiveCfg = Debug|Any CPU
		{81A5FF32-7976-4038-94F9-E64030132869}.Debug|Any CPU.Build.0 = Debug|Any CPU
		{81A5FF32-7976-4038-94F9-E64030132869}.Release|Any CPU.ActiveCfg = Release|Any CPU
		{81A5FF32-7976-4038-94F9-E64030132869}.Release|Any CPU.Build.0 = Release|Any CPU
		{B0943487-C2B7-4D8B-B4A8-D985712D3E65}.Debug|Any CPU.ActiveCfg = Debug|Any CPU
		{B0943487-C2B7-4D8B-B4A8-D985712D3E65}.Debug|Any CPU.Build.0 = Debug|Any CPU
		{B0943487-C2B7-4D8B-B4A8-D985712D3E65}.Release|Any CPU.ActiveCfg = Release|Any CPU
		{B0943487-C2B7-4D8B-B4A8-D985712D3E65}.Release|Any CPU.Build.0 = Release|Any CPU
		{C5AA244F-5175-42A5-9C3F-ED7279606DF2}.Debug|Any CPU.ActiveCfg = Debug|Any CPU
		{C5AA244F-5175-42A5-9C3F-ED7279606DF2}.Debug|Any CPU.Build.0 = Debug|Any CPU
		{C5AA244F-5175-42A5-9C3F-ED7279606DF2}.Release|Any CPU.ActiveCfg = Release|Any CPU
		{C5AA244F-5175-42A5-9C3F-ED7279606DF2}.Release|Any CPU.Build.0 = Release|Any CPU
		{77973829-7D1D-43C6-881F-0174F3B661C3}.Debug|Any CPU.ActiveCfg = Debug|Any CPU
		{77973829-7D1D-43C6-881F-0174F3B661C3}.Debug|Any CPU.Build.0 = Debug|Any CPU
		{77973829-7D1D-43C6-881F-0174F3B661C3}.Release|Any CPU.ActiveCfg = Release|Any CPU
		{77973829-7D1D-43C6-881F-0174F3B661C3}.Release|Any CPU.Build.0 = Release|Any CPU
		{CBF732CC-7674-427E-9E46-4D45AAE8277F}.Debug|Any CPU.ActiveCfg = Debug|Any CPU
		{CBF732CC-7674-427E-9E46-4D45AAE8277F}.Debug|Any CPU.Build.0 = Debug|Any CPU
		{CBF732CC-7674-427E-9E46-4D45AAE8277F}.Release|Any CPU.ActiveCfg = Release|Any CPU
		{CBF732CC-7674-427E-9E46-4D45AAE8277F}.Release|Any CPU.Build.0 = Release|Any CPU
		{E2C7AFA9-448A-4696-AA92-F79D62EF555C}.Debug|Any CPU.ActiveCfg = Debug|Any CPU
		{E2C7AFA9-448A-4696-AA92-F79D62EF555C}.Debug|Any CPU.Build.0 = Debug|Any CPU
		{E2C7AFA9-448A-4696-AA92-F79D62EF555C}.Release|Any CPU.ActiveCfg = Release|Any CPU
		{E2C7AFA9-448A-4696-AA92-F79D62EF555C}.Release|Any CPU.Build.0 = Release|Any CPU
	EndGlobalSection
	GlobalSection(SolutionProperties) = preSolution
		HideSolutionNode = FALSE
	EndGlobalSection
	GlobalSection(ExtensibilityGlobals) = postSolution
		SolutionGuid = {2D0C1E04-2E38-47F2-B702-CE59E95A7787}
	EndGlobalSection
EndGlobal
